
Microsoft Visual Studio Solution File, Format Version 12.00
# Visual Studio Version 17
VisualStudioVersion = 17.13.35931.197 d17.13
MinimumVisualStudioVersion = 10.0.40219.1
Project("{FAE04EC0-301F-11D3-BF4B-00C04F79EFBC}") = "Library", "Library.csproj", "{BD98B0B2-F918-4772-AE4E-2E6F82049F6B}"
EndProject
Global
	GlobalSection(SolutionConfigurationPlatforms) = preSolution
		Debug|Any CPU = Debug|Any CPU
		Release|Any CPU = Release|Any CPU
	EndGlobalSection
	GlobalSection(ProjectConfigurationPlatforms) = postSolution
		{BD98B0B2-F918-4772-AE4E-2E6F82049F6B}.Debug|Any CPU.ActiveCfg = Debug|Any CPU
		{BD98B0B2-F918-4772-AE4E-2E6F82049F6B}.Debug|Any CPU.Build.0 = Debug|Any CPU
		{BD98B0B2-F918-4772-AE4E-2E6F82049F6B}.Release|Any CPU.ActiveCfg = Release|Any CPU
		{BD98B0B2-F918-4772-AE4E-2E6F82049F6B}.Release|Any CPU.Build.0 = Release|Any CPU
	EndGlobalSection
	GlobalSection(SolutionProperties) = preSolution
		HideSolutionNode = FALSE
	EndGlobalSection
	GlobalSection(ExtensibilityGlobals) = postSolution
		SolutionGuid = {92F89D30-8F50-40D5-A2C6-555BB7BB79CE}
	EndGlobalSection
EndGlobal
